// !$*UTF8*$!
{
	archiveVersion = 1;
	classes = {
	};
	objectVersion = 51;
	objects = {

/* Begin PBXBuildFile section */
		9C154D6E42F32FFAA2CBC10E /* Pods_S3Innovate.framework in Frameworks */ = {isa = PBXBuildFile; fileRef = FC4BD10036AEE66251E2CB78 /* Pods_S3Innovate.framework */; };
		A4853FAB2694A0C600B38D43 /* AppDelegate.swift in Sources */ = {isa = PBXBuildFile; fileRef = A4853FAA2694A0C600B38D43 /* AppDelegate.swift */; };
		A4853FAD2694A0C600B38D43 /* SceneDelegate.swift in Sources */ = {isa = PBXBuildFile; fileRef = A4853FAC2694A0C600B38D43 /* SceneDelegate.swift */; };
		A4853FAF2694A0C600B38D43 /* ViewController.swift in Sources */ = {isa = PBXBuildFile; fileRef = A4853FAE2694A0C600B38D43 /* ViewController.swift */; };
		A4853FB22694A0C600B38D43 /* Main.storyboard in Resources */ = {isa = PBXBuildFile; fileRef = A4853FB02694A0C600B38D43 /* Main.storyboard */; };
		A4853FB42694A0C800B38D43 /* Assets.xcassets in Resources */ = {isa = PBXBuildFile; fileRef = A4853FB32694A0C800B38D43 /* Assets.xcassets */; };
		A4853FB72694A0C800B38D43 /* LaunchScreen.storyboard in Resources */ = {isa = PBXBuildFile; fileRef = A4853FB52694A0C800B38D43 /* LaunchScreen.storyboard */; };
		A4853FC22694A0C900B38D43 /* S3InnovateTests.swift in Sources */ = {isa = PBXBuildFile; fileRef = A4853FC12694A0C900B38D43 /* S3InnovateTests.swift */; };
		A49CBB8A2697E09800DF7A5D /* Services.swift in Sources */ = {isa = PBXBuildFile; fileRef = A49CBB892697E09800DF7A5D /* Services.swift */; };
		A4B12193269744D600FEE1EC /* Card.swift in Sources */ = {isa = PBXBuildFile; fileRef = A4B12192269744D600FEE1EC /* Card.swift */; };
		A4B121972697455A00FEE1EC /* APIRequest.swift in Sources */ = {isa = PBXBuildFile; fileRef = A4B121962697455A00FEE1EC /* APIRequest.swift */; };
		A4B1219C2697483000FEE1EC /* CardRequest.swift in Sources */ = {isa = PBXBuildFile; fileRef = A4B1219B2697483000FEE1EC /* CardRequest.swift */; };
		A4B121A0269748B900FEE1EC /* APIClient.swift in Sources */ = {isa = PBXBuildFile; fileRef = A4B1219F269748B900FEE1EC /* APIClient.swift */; };
		A4B121AA26975BA900FEE1EC /* Application.swift in Sources */ = {isa = PBXBuildFile; fileRef = A4B121A926975BA900FEE1EC /* Application.swift */; };
		A4B121AC26975D0500FEE1EC /* APIService.swift in Sources */ = {isa = PBXBuildFile; fileRef = A4B121AB26975D0500FEE1EC /* APIService.swift */; };
		A4B121B126975E5300FEE1EC /* CardsViewModel.swift in Sources */ = {isa = PBXBuildFile; fileRef = A4B121B026975E5300FEE1EC /* CardsViewModel.swift */; };
		A4B121B426975E7900FEE1EC /* CardsNavigator.swift in Sources */ = {isa = PBXBuildFile; fileRef = A4B121B326975E7900FEE1EC /* CardsNavigator.swift */; };
		A4B121B726975E8D00FEE1EC /* CardsViewController.swift in Sources */ = {isa = PBXBuildFile; fileRef = A4B121B626975E8D00FEE1EC /* CardsViewController.swift */; };
		A4B121B926975EA400FEE1EC /* Cards.storyboard in Resources */ = {isa = PBXBuildFile; fileRef = A4B121B826975EA400FEE1EC /* Cards.storyboard */; };
		A4B121BC269760B000FEE1EC /* Reuseable.swift in Sources */ = {isa = PBXBuildFile; fileRef = A4B121BB269760B000FEE1EC /* Reuseable.swift */; };
		AC6A6A5A7192104B2D548557 /* Pods_S3InnovateTests.framework in Frameworks */ = {isa = PBXBuildFile; fileRef = 862AE9DF9FBC118521D2EFF3 /* Pods_S3InnovateTests.framework */; };
/* End PBXBuildFile section */

/* Begin PBXContainerItemProxy section */
		A4853FBE2694A0C900B38D43 /* PBXContainerItemProxy */ = {
			isa = PBXContainerItemProxy;
			containerPortal = A4853F9F2694A0C600B38D43 /* Project object */;
			proxyType = 1;
			remoteGlobalIDString = A4853FA62694A0C600B38D43;
			remoteInfo = S3Innovate;
		};
/* End PBXContainerItemProxy section */

/* Begin PBXCopyFilesBuildPhase section */
		A4843C2726957DBA00003620 /* Embed Frameworks */ = {
			isa = PBXCopyFilesBuildPhase;
			buildActionMask = 2147483647;
			dstPath = "";
			dstSubfolderSpec = 10;
			files = (
			);
			name = "Embed Frameworks";
			runOnlyForDeploymentPostprocessing = 0;
		};
/* End PBXCopyFilesBuildPhase section */

/* Begin PBXFileReference section */
		567193F7C12545005852CF65 /* Pods-S3Innovate-DomainLayer.release.xcconfig */ = {isa = PBXFileReference; includeInIndex = 1; lastKnownFileType = text.xcconfig; name = "Pods-S3Innovate-DomainLayer.release.xcconfig"; path = "Target Support Files/Pods-S3Innovate-DomainLayer/Pods-S3Innovate-DomainLayer.release.xcconfig"; sourceTree = "<group>"; };
		6E5BEDB46FA83BACEB4B9522 /* Pods_S3Innovate_DomainLayer.framework */ = {isa = PBXFileReference; explicitFileType = wrapper.framework; includeInIndex = 0; path = Pods_S3Innovate_DomainLayer.framework; sourceTree = BUILT_PRODUCTS_DIR; };
		80550CE8C77087E5639AB088 /* Pods-S3Innovate-NetworkLayer.release.xcconfig */ = {isa = PBXFileReference; includeInIndex = 1; lastKnownFileType = text.xcconfig; name = "Pods-S3Innovate-NetworkLayer.release.xcconfig"; path = "Target Support Files/Pods-S3Innovate-NetworkLayer/Pods-S3Innovate-NetworkLayer.release.xcconfig"; sourceTree = "<group>"; };
		84ECD1CC8D6F6AEE11E4114E /* Pods-S3InnovateTests.debug.xcconfig */ = {isa = PBXFileReference; includeInIndex = 1; lastKnownFileType = text.xcconfig; name = "Pods-S3InnovateTests.debug.xcconfig"; path = "Target Support Files/Pods-S3InnovateTests/Pods-S3InnovateTests.debug.xcconfig"; sourceTree = "<group>"; };
		862AE9DF9FBC118521D2EFF3 /* Pods_S3InnovateTests.framework */ = {isa = PBXFileReference; explicitFileType = wrapper.framework; includeInIndex = 0; path = Pods_S3InnovateTests.framework; sourceTree = BUILT_PRODUCTS_DIR; };
		9A6F473F83A0E7C86B9E4381 /* Pods-S3Innovate.debug.xcconfig */ = {isa = PBXFileReference; includeInIndex = 1; lastKnownFileType = text.xcconfig; name = "Pods-S3Innovate.debug.xcconfig"; path = "Target Support Files/Pods-S3Innovate/Pods-S3Innovate.debug.xcconfig"; sourceTree = "<group>"; };
		9F93A49F806E08954E65AE1A /* Pods-S3Innovate-NetworkLayer.debug.xcconfig */ = {isa = PBXFileReference; includeInIndex = 1; lastKnownFileType = text.xcconfig; name = "Pods-S3Innovate-NetworkLayer.debug.xcconfig"; path = "Target Support Files/Pods-S3Innovate-NetworkLayer/Pods-S3Innovate-NetworkLayer.debug.xcconfig"; sourceTree = "<group>"; };
		A10357AB9605AA2CAB488395 /* Pods_S3Innovate_NetworkLayer.framework */ = {isa = PBXFileReference; explicitFileType = wrapper.framework; includeInIndex = 0; path = Pods_S3Innovate_NetworkLayer.framework; sourceTree = BUILT_PRODUCTS_DIR; };
		A4853FA72694A0C600B38D43 /* S3Innovate.app */ = {isa = PBXFileReference; explicitFileType = wrapper.application; includeInIndex = 0; path = S3Innovate.app; sourceTree = BUILT_PRODUCTS_DIR; };
		A4853FAA2694A0C600B38D43 /* AppDelegate.swift */ = {isa = PBXFileReference; lastKnownFileType = sourcecode.swift; path = AppDelegate.swift; sourceTree = "<group>"; };
		A4853FAC2694A0C600B38D43 /* SceneDelegate.swift */ = {isa = PBXFileReference; lastKnownFileType = sourcecode.swift; path = SceneDelegate.swift; sourceTree = "<group>"; };
		A4853FAE2694A0C600B38D43 /* ViewController.swift */ = {isa = PBXFileReference; lastKnownFileType = sourcecode.swift; path = ViewController.swift; sourceTree = "<group>"; };
		A4853FB12694A0C600B38D43 /* Base */ = {isa = PBXFileReference; lastKnownFileType = file.storyboard; name = Base; path = Base.lproj/Main.storyboard; sourceTree = "<group>"; };
		A4853FB32694A0C800B38D43 /* Assets.xcassets */ = {isa = PBXFileReference; lastKnownFileType = folder.assetcatalog; path = Assets.xcassets; sourceTree = "<group>"; };
		A4853FB62694A0C800B38D43 /* Base */ = {isa = PBXFileReference; lastKnownFileType = file.storyboard; name = Base; path = Base.lproj/LaunchScreen.storyboard; sourceTree = "<group>"; };
		A4853FB82694A0C800B38D43 /* Info.plist */ = {isa = PBXFileReference; lastKnownFileType = text.plist.xml; path = Info.plist; sourceTree = "<group>"; };
		A4853FBD2694A0C900B38D43 /* S3InnovateTests.xctest */ = {isa = PBXFileReference; explicitFileType = wrapper.cfbundle; includeInIndex = 0; path = S3InnovateTests.xctest; sourceTree = BUILT_PRODUCTS_DIR; };
		A4853FC12694A0C900B38D43 /* S3InnovateTests.swift */ = {isa = PBXFileReference; lastKnownFileType = sourcecode.swift; path = S3InnovateTests.swift; sourceTree = "<group>"; };
		A4853FC32694A0C900B38D43 /* Info.plist */ = {isa = PBXFileReference; lastKnownFileType = text.plist.xml; path = Info.plist; sourceTree = "<group>"; };
		A49CBB892697E09800DF7A5D /* Services.swift */ = {isa = PBXFileReference; lastKnownFileType = sourcecode.swift; path = Services.swift; sourceTree = "<group>"; };
		A4B12192269744D600FEE1EC /* Card.swift */ = {isa = PBXFileReference; lastKnownFileType = sourcecode.swift; path = Card.swift; sourceTree = "<group>"; };
		A4B121962697455A00FEE1EC /* APIRequest.swift */ = {isa = PBXFileReference; lastKnownFileType = sourcecode.swift; path = APIRequest.swift; sourceTree = "<group>"; };
		A4B1219B2697483000FEE1EC /* CardRequest.swift */ = {isa = PBXFileReference; lastKnownFileType = sourcecode.swift; path = CardRequest.swift; sourceTree = "<group>"; };
		A4B1219F269748B900FEE1EC /* APIClient.swift */ = {isa = PBXFileReference; lastKnownFileType = sourcecode.swift; path = APIClient.swift; sourceTree = "<group>"; };
		A4B121A926975BA900FEE1EC /* Application.swift */ = {isa = PBXFileReference; lastKnownFileType = sourcecode.swift; path = Application.swift; sourceTree = "<group>"; };
		A4B121AB26975D0500FEE1EC /* APIService.swift */ = {isa = PBXFileReference; lastKnownFileType = sourcecode.swift; path = APIService.swift; sourceTree = "<group>"; };
		A4B121B026975E5300FEE1EC /* CardsViewModel.swift */ = {isa = PBXFileReference; lastKnownFileType = sourcecode.swift; path = CardsViewModel.swift; sourceTree = "<group>"; };
		A4B121B326975E7900FEE1EC /* CardsNavigator.swift */ = {isa = PBXFileReference; lastKnownFileType = sourcecode.swift; path = CardsNavigator.swift; sourceTree = "<group>"; };
		A4B121B626975E8D00FEE1EC /* CardsViewController.swift */ = {isa = PBXFileReference; lastKnownFileType = sourcecode.swift; path = CardsViewController.swift; sourceTree = "<group>"; };
		A4B121B826975EA400FEE1EC /* Cards.storyboard */ = {isa = PBXFileReference; lastKnownFileType = file.storyboard; path = Cards.storyboard; sourceTree = "<group>"; };
		A4B121BB269760B000FEE1EC /* Reuseable.swift */ = {isa = PBXFileReference; lastKnownFileType = sourcecode.swift; path = Reuseable.swift; sourceTree = "<group>"; };
		D040A71D9654C8346C0A684E /* Pods-S3Innovate.release.xcconfig */ = {isa = PBXFileReference; includeInIndex = 1; lastKnownFileType = text.xcconfig; name = "Pods-S3Innovate.release.xcconfig"; path = "Target Support Files/Pods-S3Innovate/Pods-S3Innovate.release.xcconfig"; sourceTree = "<group>"; };
		D9A9E1A91A2B96005E93F03E /* Pods-S3Innovate-DomainLayer.debug.xcconfig */ = {isa = PBXFileReference; includeInIndex = 1; lastKnownFileType = text.xcconfig; name = "Pods-S3Innovate-DomainLayer.debug.xcconfig"; path = "Target Support Files/Pods-S3Innovate-DomainLayer/Pods-S3Innovate-DomainLayer.debug.xcconfig"; sourceTree = "<group>"; };
		F165D38DE352EFD3B7A0E96A /* Pods-S3InnovateTests.release.xcconfig */ = {isa = PBXFileReference; includeInIndex = 1; lastKnownFileType = text.xcconfig; name = "Pods-S3InnovateTests.release.xcconfig"; path = "Target Support Files/Pods-S3InnovateTests/Pods-S3InnovateTests.release.xcconfig"; sourceTree = "<group>"; };
		FC4BD10036AEE66251E2CB78 /* Pods_S3Innovate.framework */ = {isa = PBXFileReference; explicitFileType = wrapper.framework; includeInIndex = 0; path = Pods_S3Innovate.framework; sourceTree = BUILT_PRODUCTS_DIR; };
/* End PBXFileReference section */

/* Begin PBXFrameworksBuildPhase section */
		A4853FA42694A0C600B38D43 /* Frameworks */ = {
			isa = PBXFrameworksBuildPhase;
			buildActionMask = 2147483647;
			files = (
				9C154D6E42F32FFAA2CBC10E /* Pods_S3Innovate.framework in Frameworks */,
			);
			runOnlyForDeploymentPostprocessing = 0;
		};
		A4853FBA2694A0C900B38D43 /* Frameworks */ = {
			isa = PBXFrameworksBuildPhase;
			buildActionMask = 2147483647;
			files = (
				AC6A6A5A7192104B2D548557 /* Pods_S3InnovateTests.framework in Frameworks */,
			);
			runOnlyForDeploymentPostprocessing = 0;
		};
/* End PBXFrameworksBuildPhase section */

/* Begin PBXGroup section */
		2BDDD43BE926A4E6AF8B9131 /* Pods */ = {
			isa = PBXGroup;
			children = (
				9A6F473F83A0E7C86B9E4381 /* Pods-S3Innovate.debug.xcconfig */,
				D040A71D9654C8346C0A684E /* Pods-S3Innovate.release.xcconfig */,
				84ECD1CC8D6F6AEE11E4114E /* Pods-S3InnovateTests.debug.xcconfig */,
				F165D38DE352EFD3B7A0E96A /* Pods-S3InnovateTests.release.xcconfig */,
				9F93A49F806E08954E65AE1A /* Pods-S3Innovate-NetworkLayer.debug.xcconfig */,
				80550CE8C77087E5639AB088 /* Pods-S3Innovate-NetworkLayer.release.xcconfig */,
				D9A9E1A91A2B96005E93F03E /* Pods-S3Innovate-DomainLayer.debug.xcconfig */,
				567193F7C12545005852CF65 /* Pods-S3Innovate-DomainLayer.release.xcconfig */,
			);
			path = Pods;
			sourceTree = "<group>";
		};
		A4853F9E2694A0C600B38D43 = {
			isa = PBXGroup;
			children = (
				A4853FA92694A0C600B38D43 /* S3Innovate */,
				A4853FA82694A0C600B38D43 /* Products */,
				2BDDD43BE926A4E6AF8B9131 /* Pods */,
				B3B483D3EB58E34B03D17AB1 /* Frameworks */,
				A4853FC02694A0C900B38D43 /* S3InnovateTests */,
			);
			sourceTree = "<group>";
		};
		A4853FA82694A0C600B38D43 /* Products */ = {
			isa = PBXGroup;
			children = (
				A4853FA72694A0C600B38D43 /* S3Innovate.app */,
				A4853FBD2694A0C900B38D43 /* S3InnovateTests.xctest */,
			);
			name = Products;
			sourceTree = "<group>";
		};
		A4853FA92694A0C600B38D43 /* S3Innovate */ = {
			isa = PBXGroup;
			children = (
				A49CBB882697E06700DF7A5D /* Serevice */,
				A4B121BA269760A200FEE1EC /* Utils */,
				A4B121AD26975E2D00FEE1EC /* Scenes */,
				A4B121A826975B9000FEE1EC /* Application */,
				A4B12194269744F000FEE1EC /* Network */,
				A4B12191269744CE00FEE1EC /* Model */,
				A4853FAA2694A0C600B38D43 /* AppDelegate.swift */,
				A4853FAC2694A0C600B38D43 /* SceneDelegate.swift */,
				A4853FAE2694A0C600B38D43 /* ViewController.swift */,
				A4853FB02694A0C600B38D43 /* Main.storyboard */,
				A4853FB32694A0C800B38D43 /* Assets.xcassets */,
				A4853FB52694A0C800B38D43 /* LaunchScreen.storyboard */,
				A4853FB82694A0C800B38D43 /* Info.plist */,
			);
			path = S3Innovate;
			sourceTree = "<group>";
		};
		A4853FC02694A0C900B38D43 /* S3InnovateTests */ = {
			isa = PBXGroup;
			children = (
				A4853FC12694A0C900B38D43 /* S3InnovateTests.swift */,
				A4853FC32694A0C900B38D43 /* Info.plist */,
			);
			path = S3InnovateTests;
			sourceTree = "<group>";
		};
		A49CBB882697E06700DF7A5D /* Serevice */ = {
			isa = PBXGroup;
			children = (
				A49CBB892697E09800DF7A5D /* Services.swift */,
			);
			path = Serevice;
			sourceTree = "<group>";
		};
		A4B12191269744CE00FEE1EC /* Model */ = {
			isa = PBXGroup;
			children = (
				A4B12192269744D600FEE1EC /* Card.swift */,
			);
			path = Model;
			sourceTree = "<group>";
		};
		A4B12194269744F000FEE1EC /* Network */ = {
			isa = PBXGroup;
			children = (
				A4B1219E269748AD00FEE1EC /* APIClient */,
				A4B1219D2697483900FEE1EC /* UseCases */,
				A4B121962697455A00FEE1EC /* APIRequest.swift */,
				A4B121AB26975D0500FEE1EC /* APIService.swift */,
			);
			path = Network;
			sourceTree = "<group>";
		};
		A4B1219D2697483900FEE1EC /* UseCases */ = {
			isa = PBXGroup;
			children = (
				A4B1219B2697483000FEE1EC /* CardRequest.swift */,
			);
			path = UseCases;
			sourceTree = "<group>";
		};
		A4B1219E269748AD00FEE1EC /* APIClient */ = {
			isa = PBXGroup;
			children = (
				A4B1219F269748B900FEE1EC /* APIClient.swift */,
			);
			path = APIClient;
			sourceTree = "<group>";
		};
		A4B121A826975B9000FEE1EC /* Application */ = {
			isa = PBXGroup;
			children = (
				A4B121A926975BA900FEE1EC /* Application.swift */,
			);
			path = Application;
			sourceTree = "<group>";
		};
		A4B121AD26975E2D00FEE1EC /* Scenes */ = {
			isa = PBXGroup;
			children = (
				A4B121AE26975E3600FEE1EC /* Cards */,
			);
			path = Scenes;
			sourceTree = "<group>";
		};
		A4B121AE26975E3600FEE1EC /* Cards */ = {
			isa = PBXGroup;
			children = (
				A4B121B526975E8400FEE1EC /* View */,
				A4B121B226975E6A00FEE1EC /* Navigator */,
				A4B121AF26975E3E00FEE1EC /* ViewModels */,
			);
			path = Cards;
			sourceTree = "<group>";
		};
		A4B121AF26975E3E00FEE1EC /* ViewModels */ = {
			isa = PBXGroup;
			children = (
				A4B121B026975E5300FEE1EC /* CardsViewModel.swift */,
			);
			path = ViewModels;
			sourceTree = "<group>";
		};
		A4B121B226975E6A00FEE1EC /* Navigator */ = {
			isa = PBXGroup;
			children = (
				A4B121B326975E7900FEE1EC /* CardsNavigator.swift */,
			);
			path = Navigator;
			sourceTree = "<group>";
		};
		A4B121B526975E8400FEE1EC /* View */ = {
			isa = PBXGroup;
			children = (
				A4B121B626975E8D00FEE1EC /* CardsViewController.swift */,
				A4B121B826975EA400FEE1EC /* Cards.storyboard */,
			);
			path = View;
			sourceTree = "<group>";
		};
		A4B121BA269760A200FEE1EC /* Utils */ = {
			isa = PBXGroup;
			children = (
				A4B121BB269760B000FEE1EC /* Reuseable.swift */,
			);
			path = Utils;
			sourceTree = "<group>";
		};
		B3B483D3EB58E34B03D17AB1 /* Frameworks */ = {
			isa = PBXGroup;
			children = (
				FC4BD10036AEE66251E2CB78 /* Pods_S3Innovate.framework */,
				862AE9DF9FBC118521D2EFF3 /* Pods_S3InnovateTests.framework */,
				A10357AB9605AA2CAB488395 /* Pods_S3Innovate_NetworkLayer.framework */,
				6E5BEDB46FA83BACEB4B9522 /* Pods_S3Innovate_DomainLayer.framework */,
			);
			name = Frameworks;
			sourceTree = "<group>";
		};
/* End PBXGroup section */

/* Begin PBXNativeTarget section */
		A4853FA62694A0C600B38D43 /* S3Innovate */ = {
			isa = PBXNativeTarget;
			buildConfigurationList = A4853FD12694A0C900B38D43 /* Build configuration list for PBXNativeTarget "S3Innovate" */;
			buildPhases = (
				4CEC2BEE4680B0CF5105A507 /* [CP] Check Pods Manifest.lock */,
				A4853FA32694A0C600B38D43 /* Sources */,
				A4853FA42694A0C600B38D43 /* Frameworks */,
				A4853FA52694A0C600B38D43 /* Resources */,
				F68BEA08BFC00487B9672107 /* [CP] Embed Pods Frameworks */,
				A4843C2726957DBA00003620 /* Embed Frameworks */,
			);
			buildRules = (
			);
			dependencies = (
			);
			name = S3Innovate;
			productName = S3Innovate;
			productReference = A4853FA72694A0C600B38D43 /* S3Innovate.app */;
			productType = "com.apple.product-type.application";
		};
		A4853FBC2694A0C900B38D43 /* S3InnovateTests */ = {
			isa = PBXNativeTarget;
			buildConfigurationList = A4853FD42694A0C900B38D43 /* Build configuration list for PBXNativeTarget "S3InnovateTests" */;
			buildPhases = (
				B3EB27E5C1A7CDED033EA80C /* [CP] Check Pods Manifest.lock */,
				A4853FB92694A0C900B38D43 /* Sources */,
				A4853FBA2694A0C900B38D43 /* Frameworks */,
				A4853FBB2694A0C900B38D43 /* Resources */,
			);
			buildRules = (
			);
			dependencies = (
				A4853FBF2694A0C900B38D43 /* PBXTargetDependency */,
			);
			name = S3InnovateTests;
			productName = S3InnovateTests;
			productReference = A4853FBD2694A0C900B38D43 /* S3InnovateTests.xctest */;
			productType = "com.apple.product-type.bundle.unit-test";
		};
/* End PBXNativeTarget section */

/* Begin PBXProject section */
		A4853F9F2694A0C600B38D43 /* Project object */ = {
			isa = PBXProject;
			attributes = {
				LastSwiftUpdateCheck = 1250;
				LastUpgradeCheck = 1250;
				TargetAttributes = {
					A4853FA62694A0C600B38D43 = {
						CreatedOnToolsVersion = 12.5.1;
					};
					A4853FBC2694A0C900B38D43 = {
						CreatedOnToolsVersion = 12.5.1;
						TestTargetID = A4853FA62694A0C600B38D43;
					};
				};
			};
			buildConfigurationList = A4853FA22694A0C600B38D43 /* Build configuration list for PBXProject "S3Innovate" */;
			compatibilityVersion = "Xcode 9.3";
			developmentRegion = en;
			hasScannedForEncodings = 0;
			knownRegions = (
				en,
				Base,
			);
			mainGroup = A4853F9E2694A0C600B38D43;
			productRefGroup = A4853FA82694A0C600B38D43 /* Products */;
			projectDirPath = "";
			projectRoot = "";
			targets = (
				A4853FA62694A0C600B38D43 /* S3Innovate */,
				A4853FBC2694A0C900B38D43 /* S3InnovateTests */,
			);
		};
/* End PBXProject section */

/* Begin PBXResourcesBuildPhase section */
		A4853FA52694A0C600B38D43 /* Resources */ = {
			isa = PBXResourcesBuildPhase;
			buildActionMask = 2147483647;
			files = (
				A4B121B926975EA400FEE1EC /* Cards.storyboard in Resources */,
				A4853FB72694A0C800B38D43 /* LaunchScreen.storyboard in Resources */,
				A4853FB42694A0C800B38D43 /* Assets.xcassets in Resources */,
				A4853FB22694A0C600B38D43 /* Main.storyboard in Resources */,
			);
			runOnlyForDeploymentPostprocessing = 0;
		};
		A4853FBB2694A0C900B38D43 /* Resources */ = {
			isa = PBXResourcesBuildPhase;
			buildActionMask = 2147483647;
			files = (
			);
			runOnlyForDeploymentPostprocessing = 0;
		};
/* End PBXResourcesBuildPhase section */

/* Begin PBXShellScriptBuildPhase section */
		4CEC2BEE4680B0CF5105A507 /* [CP] Check Pods Manifest.lock */ = {
			isa = PBXShellScriptBuildPhase;
			buildActionMask = 2147483647;
			files = (
			);
			inputFileListPaths = (
			);
			inputPaths = (
				"${PODS_PODFILE_DIR_PATH}/Podfile.lock",
				"${PODS_ROOT}/Manifest.lock",
			);
			name = "[CP] Check Pods Manifest.lock";
			outputFileListPaths = (
			);
			outputPaths = (
				"$(DERIVED_FILE_DIR)/Pods-S3Innovate-checkManifestLockResult.txt",
			);
			runOnlyForDeploymentPostprocessing = 0;
			shellPath = /bin/sh;
			shellScript = "diff \"${PODS_PODFILE_DIR_PATH}/Podfile.lock\" \"${PODS_ROOT}/Manifest.lock\" > /dev/null\nif [ $? != 0 ] ; then\n    # print error to STDERR\n    echo \"error: The sandbox is not in sync with the Podfile.lock. Run 'pod install' or update your CocoaPods installation.\" >&2\n    exit 1\nfi\n# This output is used by Xcode 'outputs' to avoid re-running this script phase.\necho \"SUCCESS\" > \"${SCRIPT_OUTPUT_FILE_0}\"\n";
			showEnvVarsInLog = 0;
		};
		B3EB27E5C1A7CDED033EA80C /* [CP] Check Pods Manifest.lock */ = {
			isa = PBXShellScriptBuildPhase;
			buildActionMask = 2147483647;
			files = (
			);
			inputFileListPaths = (
			);
			inputPaths = (
				"${PODS_PODFILE_DIR_PATH}/Podfile.lock",
				"${PODS_ROOT}/Manifest.lock",
			);
			name = "[CP] Check Pods Manifest.lock";
			outputFileListPaths = (
			);
			outputPaths = (
				"$(DERIVED_FILE_DIR)/Pods-S3InnovateTests-checkManifestLockResult.txt",
			);
			runOnlyForDeploymentPostprocessing = 0;
			shellPath = /bin/sh;
			shellScript = "diff \"${PODS_PODFILE_DIR_PATH}/Podfile.lock\" \"${PODS_ROOT}/Manifest.lock\" > /dev/null\nif [ $? != 0 ] ; then\n    # print error to STDERR\n    echo \"error: The sandbox is not in sync with the Podfile.lock. Run 'pod install' or update your CocoaPods installation.\" >&2\n    exit 1\nfi\n# This output is used by Xcode 'outputs' to avoid re-running this script phase.\necho \"SUCCESS\" > \"${SCRIPT_OUTPUT_FILE_0}\"\n";
			showEnvVarsInLog = 0;
		};
		F68BEA08BFC00487B9672107 /* [CP] Embed Pods Frameworks */ = {
			isa = PBXShellScriptBuildPhase;
			buildActionMask = 2147483647;
			files = (
			);
			inputFileListPaths = (
				"${PODS_ROOT}/Target Support Files/Pods-S3Innovate/Pods-S3Innovate-frameworks-${CONFIGURATION}-input-files.xcfilelist",
			);
			name = "[CP] Embed Pods Frameworks";
			outputFileListPaths = (
				"${PODS_ROOT}/Target Support Files/Pods-S3Innovate/Pods-S3Innovate-frameworks-${CONFIGURATION}-output-files.xcfilelist",
			);
			runOnlyForDeploymentPostprocessing = 0;
			shellPath = /bin/sh;
			shellScript = "\"${PODS_ROOT}/Target Support Files/Pods-S3Innovate/Pods-S3Innovate-frameworks.sh\"\n";
			showEnvVarsInLog = 0;
		};
/* End PBXShellScriptBuildPhase section */

/* Begin PBXSourcesBuildPhase section */
		A4853FA32694A0C600B38D43 /* Sources */ = {
			isa = PBXSourcesBuildPhase;
			buildActionMask = 2147483647;
			files = (
				A4B121AA26975BA900FEE1EC /* Application.swift in Sources */,
				A4B121B426975E7900FEE1EC /* CardsNavigator.swift in Sources */,
				A4B121BC269760B000FEE1EC /* Reuseable.swift in Sources */,
				A49CBB8A2697E09800DF7A5D /* Services.swift in Sources */,
				A4853FAF2694A0C600B38D43 /* ViewController.swift in Sources */,
				A4B121B126975E5300FEE1EC /* CardsViewModel.swift in Sources */,
				A4B121A0269748B900FEE1EC /* APIClient.swift in Sources */,
				A4B1219C2697483000FEE1EC /* CardRequest.swift in Sources */,
				A4853FAB2694A0C600B38D43 /* AppDelegate.swift in Sources */,
				A4B121972697455A00FEE1EC /* APIRequest.swift in Sources */,
				A4B121B726975E8D00FEE1EC /* CardsViewController.swift in Sources */,
				A4853FAD2694A0C600B38D43 /* SceneDelegate.swift in Sources */,
				A4B121AC26975D0500FEE1EC /* APIService.swift in Sources */,
				A4B12193269744D600FEE1EC /* Card.swift in Sources */,
			);
			runOnlyForDeploymentPostprocessing = 0;
		};
		A4853FB92694A0C900B38D43 /* Sources */ = {
			isa = PBXSourcesBuildPhase;
			buildActionMask = 2147483647;
			files = (
				A4853FC22694A0C900B38D43 /* S3InnovateTests.swift in Sources */,
			);
			runOnlyForDeploymentPostprocessing = 0;
		};
/* End PBXSourcesBuildPhase section */

/* Begin PBXTargetDependency section */
		A4853FBF2694A0C900B38D43 /* PBXTargetDependency */ = {
			isa = PBXTargetDependency;
			target = A4853FA62694A0C600B38D43 /* S3Innovate */;
			targetProxy = A4853FBE2694A0C900B38D43 /* PBXContainerItemProxy */;
		};
/* End PBXTargetDependency section */

/* Begin PBXVariantGroup section */
		A4853FB02694A0C600B38D43 /* Main.storyboard */ = {
			isa = PBXVariantGroup;
			children = (
				A4853FB12694A0C600B38D43 /* Base */,
			);
			name = Main.storyboard;
			sourceTree = "<group>";
		};
		A4853FB52694A0C800B38D43 /* LaunchScreen.storyboard */ = {
			isa = PBXVariantGroup;
			children = (
				A4853FB62694A0C800B38D43 /* Base */,
			);
			name = LaunchScreen.storyboard;
			sourceTree = "<group>";
		};
/* End PBXVariantGroup section */

/* Begin XCBuildConfiguration section */
		A4853FCF2694A0C900B38D43 /* Debug */ = {
			isa = XCBuildConfiguration;
			buildSettings = {
				ALWAYS_SEARCH_USER_PATHS = NO;
				CLANG_ANALYZER_NONNULL = YES;
				CLANG_ANALYZER_NUMBER_OBJECT_CONVERSION = YES_AGGRESSIVE;
				CLANG_CXX_LANGUAGE_STANDARD = "gnu++14";
				CLANG_CXX_LIBRARY = "libc++";
				CLANG_ENABLE_MODULES = YES;
				CLANG_ENABLE_OBJC_ARC = YES;
				CLANG_ENABLE_OBJC_WEAK = YES;
				CLANG_WARN_BLOCK_CAPTURE_AUTORELEASING = YES;
				CLANG_WARN_BOOL_CONVERSION = YES;
				CLANG_WARN_COMMA = YES;
				CLANG_WARN_CONSTANT_CONVERSION = YES;
				CLANG_WARN_DEPRECATED_OBJC_IMPLEMENTATIONS = YES;
				CLANG_WARN_DIRECT_OBJC_ISA_USAGE = YES_ERROR;
				CLANG_WARN_DOCUMENTATION_COMMENTS = YES;
				CLANG_WARN_EMPTY_BODY = YES;
				CLANG_WARN_ENUM_CONVERSION = YES;
				CLANG_WARN_INFINITE_RECURSION = YES;
				CLANG_WARN_INT_CONVERSION = YES;
				CLANG_WARN_NON_LITERAL_NULL_CONVERSION = YES;
				CLANG_WARN_OBJC_IMPLICIT_RETAIN_SELF = YES;
				CLANG_WARN_OBJC_LITERAL_CONVERSION = YES;
				CLANG_WARN_OBJC_ROOT_CLASS = YES_ERROR;
				CLANG_WARN_QUOTED_INCLUDE_IN_FRAMEWORK_HEADER = YES;
				CLANG_WARN_RANGE_LOOP_ANALYSIS = YES;
				CLANG_WARN_STRICT_PROTOTYPES = YES;
				CLANG_WARN_SUSPICIOUS_MOVE = YES;
				CLANG_WARN_UNGUARDED_AVAILABILITY = YES_AGGRESSIVE;
				CLANG_WARN_UNREACHABLE_CODE = YES;
				CLANG_WARN__DUPLICATE_METHOD_MATCH = YES;
				COPY_PHASE_STRIP = NO;
				DEBUG_INFORMATION_FORMAT = dwarf;
				ENABLE_STRICT_OBJC_MSGSEND = YES;
				ENABLE_TESTABILITY = YES;
				GCC_C_LANGUAGE_STANDARD = gnu11;
				GCC_DYNAMIC_NO_PIC = NO;
				GCC_NO_COMMON_BLOCKS = YES;
				GCC_OPTIMIZATION_LEVEL = 0;
				GCC_PREPROCESSOR_DEFINITIONS = (
					"DEBUG=1",
					"$(inherited)",
				);
				GCC_WARN_64_TO_32_BIT_CONVERSION = YES;
				GCC_WARN_ABOUT_RETURN_TYPE = YES_ERROR;
				GCC_WARN_UNDECLARED_SELECTOR = YES;
				GCC_WARN_UNINITIALIZED_AUTOS = YES_AGGRESSIVE;
				GCC_WARN_UNUSED_FUNCTION = YES;
				GCC_WARN_UNUSED_VARIABLE = YES;
				IPHONEOS_DEPLOYMENT_TARGET = 14.5;
				MTL_ENABLE_DEBUG_INFO = INCLUDE_SOURCE;
				MTL_FAST_MATH = YES;
				ONLY_ACTIVE_ARCH = YES;
				SDKROOT = iphoneos;
				SWIFT_ACTIVE_COMPILATION_CONDITIONS = DEBUG;
				SWIFT_OPTIMIZATION_LEVEL = "-Onone";
			};
			name = Debug;
		};
		A4853FD02694A0C900B38D43 /* Release */ = {
			isa = XCBuildConfiguration;
			buildSettings = {
				ALWAYS_SEARCH_USER_PATHS = NO;
				CLANG_ANALYZER_NONNULL = YES;
				CLANG_ANALYZER_NUMBER_OBJECT_CONVERSION = YES_AGGRESSIVE;
				CLANG_CXX_LANGUAGE_STANDARD = "gnu++14";
				CLANG_CXX_LIBRARY = "libc++";
				CLANG_ENABLE_MODULES = YES;
				CLANG_ENABLE_OBJC_ARC = YES;
				CLANG_ENABLE_OBJC_WEAK = YES;
				CLANG_WARN_BLOCK_CAPTURE_AUTORELEASING = YES;
				CLANG_WARN_BOOL_CONVERSION = YES;
				CLANG_WARN_COMMA = YES;
				CLANG_WARN_CONSTANT_CONVERSION = YES;
				CLANG_WARN_DEPRECATED_OBJC_IMPLEMENTATIONS = YES;
				CLANG_WARN_DIRECT_OBJC_ISA_USAGE = YES_ERROR;
				CLANG_WARN_DOCUMENTATION_COMMENTS = YES;
				CLANG_WARN_EMPTY_BODY = YES;
				CLANG_WARN_ENUM_CONVERSION = YES;
				CLANG_WARN_INFINITE_RECURSION = YES;
				CLANG_WARN_INT_CONVERSION = YES;
				CLANG_WARN_NON_LITERAL_NULL_CONVERSION = YES;
				CLANG_WARN_OBJC_IMPLICIT_RETAIN_SELF = YES;
				CLANG_WARN_OBJC_LITERAL_CONVERSION = YES;
				CLANG_WARN_OBJC_ROOT_CLASS = YES_ERROR;
				CLANG_WARN_QUOTED_INCLUDE_IN_FRAMEWORK_HEADER = YES;
				CLANG_WARN_RANGE_LOOP_ANALYSIS = YES;
				CLANG_WARN_STRICT_PROTOTYPES = YES;
				CLANG_WARN_SUSPICIOUS_MOVE = YES;
				CLANG_WARN_UNGUARDED_AVAILABILITY = YES_AGGRESSIVE;
				CLANG_WARN_UNREACHABLE_CODE = YES;
				CLANG_WARN__DUPLICATE_METHOD_MATCH = YES;
				COPY_PHASE_STRIP = NO;
				DEBUG_INFORMATION_FORMAT = "dwarf-with-dsym";
				ENABLE_NS_ASSERTIONS = NO;
				ENABLE_STRICT_OBJC_MSGSEND = YES;
				GCC_C_LANGUAGE_STANDARD = gnu11;
				GCC_NO_COMMON_BLOCKS = YES;
				GCC_WARN_64_TO_32_BIT_CONVERSION = YES;
				GCC_WARN_ABOUT_RETURN_TYPE = YES_ERROR;
				GCC_WARN_UNDECLARED_SELECTOR = YES;
				GCC_WARN_UNINITIALIZED_AUTOS = YES_AGGRESSIVE;
				GCC_WARN_UNUSED_FUNCTION = YES;
				GCC_WARN_UNUSED_VARIABLE = YES;
				IPHONEOS_DEPLOYMENT_TARGET = 14.5;
				MTL_ENABLE_DEBUG_INFO = NO;
				MTL_FAST_MATH = YES;
				SDKROOT = iphoneos;
				SWIFT_COMPILATION_MODE = wholemodule;
				SWIFT_OPTIMIZATION_LEVEL = "-O";
				VALIDATE_PRODUCT = YES;
			};
			name = Release;
		};
		A4853FD22694A0C900B38D43 /* Debug */ = {
			isa = XCBuildConfiguration;
			baseConfigurationReference = 9A6F473F83A0E7C86B9E4381 /* Pods-S3Innovate.debug.xcconfig */;
			buildSettings = {
				ALWAYS_EMBED_SWIFT_STANDARD_LIBRARIES = YES;
				ASSETCATALOG_COMPILER_APPICON_NAME = AppIcon;
				ASSETCATALOG_COMPILER_GLOBAL_ACCENT_COLOR_NAME = AccentColor;
				CODE_SIGN_IDENTITY = "iPhone Developer";
				CODE_SIGN_STYLE = Manual;
				DEVELOPMENT_TEAM = FFFW2FHT2N;
				INFOPLIST_FILE = S3Innovate/Info.plist;
				IPHONEOS_DEPLOYMENT_TARGET = 13.0;
				LD_RUNPATH_SEARCH_PATHS = (
					"$(inherited)",
					"@executable_path/Frameworks",
				);
				PRODUCT_BUNDLE_IDENTIFIER = care.revival.Revival;
				PRODUCT_NAME = "$(TARGET_NAME)";
				PROVISIONING_PROFILE_SPECIFIER = "match Development care.revival.Revival";
				SWIFT_VERSION = 5.0;
				TARGETED_DEVICE_FAMILY = 1;
			};
			name = Debug;
		};
		A4853FD32694A0C900B38D43 /* Release */ = {
			isa = XCBuildConfiguration;
			baseConfigurationReference = D040A71D9654C8346C0A684E /* Pods-S3Innovate.release.xcconfig */;
			buildSettings = {
				ALWAYS_EMBED_SWIFT_STANDARD_LIBRARIES = YES;
				ASSETCATALOG_COMPILER_APPICON_NAME = AppIcon;
				ASSETCATALOG_COMPILER_GLOBAL_ACCENT_COLOR_NAME = AccentColor;
				CODE_SIGN_IDENTITY = "Apple Development";
				CODE_SIGN_STYLE = Manual;
				DEVELOPMENT_TEAM = "";
				INFOPLIST_FILE = S3Innovate/Info.plist;
				IPHONEOS_DEPLOYMENT_TARGET = 13.0;
				LD_RUNPATH_SEARCH_PATHS = (
					"$(inherited)",
					"@executable_path/Frameworks",
				);
				PRODUCT_BUNDLE_IDENTIFIER = care.revival.Revival;
				PRODUCT_NAME = "$(TARGET_NAME)";
				PROVISIONING_PROFILE_SPECIFIER = "";
				SWIFT_VERSION = 5.0;
				TARGETED_DEVICE_FAMILY = 1;
			};
			name = Release;
		};
		A4853FD52694A0C900B38D43 /* Debug */ = {
			isa = XCBuildConfiguration;
			baseConfigurationReference = 84ECD1CC8D6F6AEE11E4114E /* Pods-S3InnovateTests.debug.xcconfig */;
			buildSettings = {
				ALWAYS_EMBED_SWIFT_STANDARD_LIBRARIES = YES;
				BUNDLE_LOADER = "$(TEST_HOST)";
				CODE_SIGN_STYLE = Automatic;
				DEVELOPMENT_TEAM = G9K8DPHN84;
				INFOPLIST_FILE = S3InnovateTests/Info.plist;
				IPHONEOS_DEPLOYMENT_TARGET = 14.5;
				LD_RUNPATH_SEARCH_PATHS = (
					"$(inherited)",
					"@executable_path/Frameworks",
					"@loader_path/Frameworks",
				);
				PRODUCT_BUNDLE_IDENTIFIER = phuong.doan.S3InnovateTests;
				PRODUCT_NAME = "$(TARGET_NAME)";
				SWIFT_VERSION = 5.0;
				TARGETED_DEVICE_FAMILY = "1,2";
				TEST_HOST = "$(BUILT_PRODUCTS_DIR)/S3Innovate.app/S3Innovate";
			};
			name = Debug;
		};
		A4853FD62694A0C900B38D43 /* Release */ = {
			isa = XCBuildConfiguration;
			baseConfigurationReference = F165D38DE352EFD3B7A0E96A /* Pods-S3InnovateTests.release.xcconfig */;
			buildSettings = {
				ALWAYS_EMBED_SWIFT_STANDARD_LIBRARIES = YES;
				BUNDLE_LOADER = "$(TEST_HOST)";
				CODE_SIGN_STYLE = Automatic;
				DEVELOPMENT_TEAM = G9K8DPHN84;
				INFOPLIST_FILE = S3InnovateTests/Info.plist;
				IPHONEOS_DEPLOYMENT_TARGET = 14.5;
				LD_RUNPATH_SEARCH_PATHS = (
					"$(inherited)",
					"@executable_path/Frameworks",
					"@loader_path/Frameworks",
				);
				PRODUCT_BUNDLE_IDENTIFIER = phuong.doan.S3InnovateTests;
				PRODUCT_NAME = "$(TARGET_NAME)";
				SWIFT_VERSION = 5.0;
				TARGETED_DEVICE_FAMILY = "1,2";
				TEST_HOST = "$(BUILT_PRODUCTS_DIR)/S3Innovate.app/S3Innovate";
			};
			name = Release;
		};
/* End XCBuildConfiguration section */

/* Begin XCConfigurationList section */
		A4853FA22694A0C600B38D43 /* Build configuration list for PBXProject "S3Innovate" */ = {
			isa = XCConfigurationList;
			buildConfigurations = (
				A4853FCF2694A0C900B38D43 /* Debug */,
				A4853FD02694A0C900B38D43 /* Release */,
			);
			defaultConfigurationIsVisible = 0;
			defaultConfigurationName = Release;
		};
		A4853FD12694A0C900B38D43 /* Build configuration list for PBXNativeTarget "S3Innovate" */ = {
			isa = XCConfigurationList;
			buildConfigurations = (
				A4853FD22694A0C900B38D43 /* Debug */,
				A4853FD32694A0C900B38D43 /* Release */,
			);
			defaultConfigurationIsVisible = 0;
			defaultConfigurationName = Release;
		};
		A4853FD42694A0C900B38D43 /* Build configuration list for PBXNativeTarget "S3InnovateTests" */ = {
			isa = XCConfigurationList;
			buildConfigurations = (
				A4853FD52694A0C900B38D43 /* Debug */,
				A4853FD62694A0C900B38D43 /* Release */,
			);
			defaultConfigurationIsVisible = 0;
			defaultConfigurationName = Release;
		};
/* End XCConfigurationList section */
	};
	rootObject = A4853F9F2694A0C600B38D43 /* Project object */;
}
